PODS:
  - GoogleMaps (3.8.0):
    - GoogleMaps/Maps (= 3.8.0)
  - GoogleMaps/Base (3.8.0)
  - GoogleMaps/Maps (3.8.0):
    - GoogleMaps/Base
  - GooglePlaces (3.8.0):
    - GoogleMaps/Base (= 3.8.0)
  - SwiftyJSON (5.0.0)

DEPENDENCIES:
  - GoogleMaps
  - GooglePlaces
  - SwiftyJSON

SPEC REPOS:
  trunk:
    - GoogleMaps
    - GooglePlaces
    - SwiftyJSON

SPEC CHECKSUMS:
  GoogleMaps: 7c8d66d70e4e8c300f43a7219d8fdaad7b325a9a
  GooglePlaces: d5f70c3e9e427964fdeca1301a665d276ccd8754
  SwiftyJSON: 36413e04c44ee145039d332b4f4e2d3e8d6c4db7

PODFILE CHECKSUM: bafc6a764f46e2e0d2bad4c17c65ca227b813f12

COCOAPODS: 1.9.0.beta.3
